
Microsoft Visual Studio Solution File, Format Version 12.00
# Visual Studio Version 16
VisualStudioVersion = 16.0.29201.188
MinimumVisualStudioVersion = 10.0.40219.1
Project("{8BC9CEB8-8B4A-11D0-8D11-00A0C91BC942}") = "Laboratory3", "Laboratory3.vcxproj", "{AECD9D8E-0089-49B2-AF9F-9D6A6277C5FA}"
EndProject
Global
	GlobalSection(SolutionConfigurationPlatforms) = preSolution
		Debug|x64 = Debug|x64
		Debug|x86 = Debug|x86
		Release|x64 = Release|x64
		Release|x86 = Release|x86
	EndGlobalSection
	GlobalSection(ProjectConfigurationPlatforms) = postSolution
		{AECD9D8E-0089-49B2-AF9F-9D6A6277C5FA}.Debug|x64.ActiveCfg = Debug|x64
		{AECD9D8E-0089-49B2-AF9F-9D6A6277C5FA}.Debug|x64.Build.0 = Debug|x64
		{AECD9D8E-0089-49B2-AF9F-9D6A6277C5FA}.Debug|x86.ActiveCfg = Debug|Win32
		{AECD9D8E-0089-49B2-AF9F-9D6A6277C5FA}.Debug|x86.Build.0 = Debug|Win32
		{AECD9D8E-0089-49B2-AF9F-9D6A6277C5FA}.Release|x64.ActiveCfg = Release|x64
		{AECD9D8E-0089-49B2-AF9F-9D6A6277C5FA}.Release|x64.Build.0 = Release|x64
		{AECD9D8E-0089-49B2-AF9F-9D6A6277C5FA}.Release|x86.ActiveCfg = Release|Win32
		{AECD9D8E-0089-49B2-AF9F-9D6A6277C5FA}.Release|x86.Build.0 = Release|Win32
	EndGlobalSection
	GlobalSection(SolutionProperties) = preSolution
		HideSolutionNode = FALSE
	EndGlobalSection
	GlobalSection(ExtensibilityGlobals) = postSolution
		SolutionGuid = {EEA70733-2446-4215-9942-0A6924C09473}
	EndGlobalSection
EndGlobal
